// !$*UTF8*$!
{
	archiveVersion = 1;
	classes = {
	};
	objectVersion = 46;
	objects = {

		9EB38D67E06FB9AE8D7F84FF = {isa = PBXBuildFile; fileRef = 47685664571C375CAA26BA34; };
		D4EA088643BB15D45D3ADA47 = {isa = PBXBuildFile; fileRef = 91BA255636A249EE691ACD41; };
		32B666F1B0DECEAF63EB4642 = {isa = PBXBuildFile; fileRef = 985A2635E6F9B2109421B187; };
		7177C8550C498B38593C926C = {isa = PBXBuildFile; fileRef = 0C0E4BF9F9533135CCDA2C06; };
		283EF7746070137C85FCA275 = {isa = PBXBuildFile; fileRef = 5BC01E46D73B7C722A3D55F5; };
		D17B88440CC4C5BEEC126B7E = {isa = PBXBuildFile; fileRef = 12A971C12D456062B02DE395; };
		3F58D92E0CBC57343E5913A4 = {isa = PBXBuildFile; fileRef = 6FF2CFD0DB10E7F5B24602B4; };
		85985525C297E84833D8B456 = {isa = PBXBuildFile; fileRef = 7A467103B45145B0FD64C089; };
		95AF9EAEEC59573D6DD58CE5 = {isa = PBXBuildFile; fileRef = E9C4962E7AAC4CE06F38D35B; };
		7ACCCB689D90A2AA9AF01B16 = {isa = PBXBuildFile; fileRef = DF6E0C8DBE0644658E23BD1F; };
		33C8CC636CFEBA1049990E24 = {isa = PBXBuildFile; fileRef = 6EF6B062216E6B1AAF19E9BA; };
		F0D6E883E3C2DA829FB945EB = {isa = PBXBuildFile; fileRef = E8DA71E09EBA5F1E46A800D5; };
		9D5AE44A023D3F9A8ECBC03C = {isa = PBXBuildFile; fileRef = 59829BECFE299E469D0A1B1F; };
		3A29091EC5DA29FB31A1D45F = {isa = PBXBuildFile; fileRef = E5E6D44B21F8ED06855B88B0; };
		7CD9784521A6DD1CCF1203C2 = {isa = PBXBuildFile; fileRef = 8C0BB47990C83F4C87A3F3F6; };
		423B4BF94ADF92D524AAB7DA = {isa = PBXBuildFile; fileRef = 1C6EF5359316FEF1E1DA19E6; };
		66010E32BBDD51F784D22066 = {isa = PBXBuildFile; fileRef = 7E26BDD8F8050A283EF792CE; };
		B2237306223CCB0560181154 = {isa = PBXBuildFile; fileRef = 8987276F06944820D59E757E; };
		A407115862A117131460E26C = {isa = PBXBuildFile; fileRef = B86917809D83C44AF8B5F54A; };
		9BBF07242905FB96D8527337 = {isa = PBXBuildFile; fileRef = 36BE6BA5866D981C8DBF3DB1; };
		9916DBC575616C234EA2EEEA = {isa = PBXBuildFile; fileRef = D426940276F492BF951DE4C6; };
		05EB854BB99404411395CA46 = {isa = PBXBuildFile; fileRef = C4B9E3D94EAE14C37BBFD145; };
		BD01D7D0A47112DEC2989F71 = {isa = PBXBuildFile; fileRef = 94FB4604855BD61220C9B59C; };
		DCE6ED2EB649917BA141D968 = {isa = PBXBuildFile; fileRef = FA2879E920C0533FE79E21BA; };
		B4E407C4DBA94963EB9E2BD3 = {isa = PBXBuildFile; fileRef = 0BD2B02695B11C0845B908F1; };
		86109772AB1A8AEFE531FDF2 = {isa = PBXBuildFile; fileRef = F4547BB6B81FDEED3AA6C6DB; };
		CC9D243851831E9767099B26 = {isa = PBXBuildFile; fileRef = 085FFE72EE5E78769455AF12; };
		A63FAEA999A4C41D03A519CD = {isa = PBXBuildFile; fileRef = 06FE53C0A6BCE2B2EF0A52F9; };
		1ACFE2810008DF3B03A57841 = {isa = PBXBuildFile; fileRef = ABCD45DE962EF88B4E11FC3F; };
		C2BC5A45F431231BA2A8219F = {isa = PBXBuildFile; fileRef = BE895663B3F89C74D9FBBCAC; };
		A640B82BD80DF004F95C5DB7 = {isa = PBXBuildFile; fileRef = 8AB651E11E4727FA6AFEFD64; };
		92D68B34C91F0035A267603D = {isa = PBXBuildFile; fileRef = 307F01A030141903D20C671B; };
		9EA11F7FF8B4B8D0640103C2 = {isa = PBXBuildFile; fileRef = 3A5FCD5503F7D5D30E29E5B9; };
		370C223ABFEAC5D962DE1D73 = {isa = PBXBuildFile; fileRef = 92ADF4E8AADD0385C59A3375; };
		0F96C6E139E6167EDDB14741 = {isa = PBXBuildFile; fileRef = 081571946C24682E3A44C05C; };
		45E34C5E2CF08D3D242E6A93 = {isa = PBXBuildFile; fileRef = BDEC1C003F359CBF321A534B; };
		D619C57C683B8C09F9AF795D = {isa = PBXBuildFile; fileRef = 2D1CCE4AF9D7ACE5B05AE770; };
		BE42544868E1CACEA795055D = {isa = PBXBuildFile; fileRef = A6DD0078CE8750E696E4A3C9; };
		BEC28E47A0647A9A961468BB = {isa = PBXBuildFile; fileRef = C2D0E1C93C4DD14CF41E99CF; };
		06FE53C0A6BCE2B2EF0A52F9 = {isa = PBXFileReference; lastKnownFileType = sourcecode.cpp.objcpp; name = "include_juce_audio_plugin_client_VST_utils.mm"; path = "../../JuceLibraryCode/include_juce_audio_plugin_client_VST_utils.mm"; sourceTree = "SOURCE_ROOT"; };
		07B0D79DABAD6BAC305A496B = {isa = PBXFileReference; lastKnownFileType = text.plist.xml; name = "Info-AU.plist"; path = "Info-AU.plist"; sourceTree = "SOURCE_ROOT"; };
		081571946C24682E3A44C05C = {isa = PBXFileReference; lastKnownFileType = sourcecode.cpp.objcpp; name = "include_juce_graphics.mm"; path = "../../JuceLibraryCode/include_juce_graphics.mm"; sourceTree = "SOURCE_ROOT"; };
		085FFE72EE5E78769455AF12 = {isa = PBXFileReference; lastKnownFileType = sourcecode.cpp.cpp; name = "include_juce_audio_plugin_client_utils.cpp"; path = "../../JuceLibraryCode/include_juce_audio_plugin_client_utils.cpp"; sourceTree = "SOURCE_ROOT"; };
		0BD2B02695B11C0845B908F1 = {isa = PBXFileReference; lastKnownFileType = sourcecode.cpp.objcpp; name = "include_juce_audio_plugin_client_AU_1.mm"; path = "../../JuceLibraryCode/include_juce_audio_plugin_client_AU_1.mm"; sourceTree = "SOURCE_ROOT"; };
		0C0E4BF9F9533135CCDA2C06 = {isa = PBXFileReference; lastKnownFileType = wrapper.framework; name = Accelerate.framework; path = System/Library/Frameworks/Accelerate.framework; sourceTree = SDKROOT; };
		0EBE2FFA9CC8B5465A7AAE9D = {isa = PBXFileReference; lastKnownFileType = file; name = "juce_gui_basics"; path = "../../../src_libraries/JUCE/modules/juce_gui_basics"; sourceTree = "SOURCE_ROOT"; };
		0F8962B5F866A5D5C02F340D = {isa = PBXFileReference; lastKnownFileType = sourcecode.c.h; name = spectrumComponent.h; path = ../../Source/spectrumComponent.h; sourceTree = "SOURCE_ROOT"; };
		12A971C12D456062B02DE395 = {isa = PBXFileReference; lastKnownFileType = wrapper.framework; name = AudioUnit.framework; path = System/Library/Frameworks/AudioUnit.framework; sourceTree = SDKROOT; };
		1C6EF5359316FEF1E1DA19E6 = {isa = PBXFileReference; lastKnownFileType = wrapper.framework; name = QuartzCore.framework; path = System/Library/Frameworks/QuartzCore.framework; sourceTree = SDKROOT; };
		2D1CCE4AF9D7ACE5B05AE770 = {isa = PBXFileReference; lastKnownFileType = sourcecode.cpp.objcpp; name = "include_juce_gui_extra.mm"; path = "../../JuceLibraryCode/include_juce_gui_extra.mm"; sourceTree = "SOURCE_ROOT"; };
		307F01A030141903D20C671B = {isa = PBXFileReference; lastKnownFileType = sourcecode.cpp.objcpp; name = "include_juce_cryptography.mm"; path = "../../JuceLibraryCode/include_juce_cryptography.mm"; sourceTree = "SOURCE_ROOT"; };
		36BE6BA5866D981C8DBF3DB1 = {isa = PBXFileReference; lastKnownFileType = sourcecode.cpp.cpp; name = PluginEditor.cpp; path = ../../Source/PluginEditor.cpp; sourceTree = "SOURCE_ROOT"; };
		3A5FCD5503F7D5D30E29E5B9 = {isa = PBXFileReference; lastKnownFileType = sourcecode.cpp.objcpp; name = "include_juce_data_structures.mm"; path = "../../JuceLibraryCode/include_juce_data_structures.mm"; sourceTree = "SOURCE_ROOT"; };
		471C272765825E92C1A3146C = {isa = PBXFileReference; lastKnownFileType = file; name = "juce_audio_basics"; path = "../../../src_libraries/JUCE/modules/juce_audio_basics"; sourceTree = "SOURCE_ROOT"; };
		47685664571C375CAA26BA34 = {isa = PBXFileReference; explicitFileType = wrapper.cfbundle; includeInIndex = 0; path = Spectrum.vst; sourceTree = "BUILT_PRODUCTS_DIR"; };
		4DC3954891DD932618B70F4D = {isa = PBXFileReference; lastKnownFileType = file; name = "juce_data_structures"; path = "../../../src_libraries/JUCE/modules/juce_data_structures"; sourceTree = "SOURCE_ROOT"; };
		59829BECFE299E469D0A1B1F = {isa = PBXFileReference; lastKnownFileType = wrapper.framework; name = CoreMIDI.framework; path = System/Library/Frameworks/CoreMIDI.framework; sourceTree = SDKROOT; };
		5BC01E46D73B7C722A3D55F5 = {isa = PBXFileReference; lastKnownFileType = wrapper.framework; name = AudioToolbox.framework; path = System/Library/Frameworks/AudioToolbox.framework; sourceTree = SDKROOT; };
		5FDE31CFD37EEEE5C4FAC535 = {isa = PBXFileReference; lastKnownFileType = text.plist.xml; name = "Info-VST.plist"; path = "Info-VST.plist"; sourceTree = "SOURCE_ROOT"; };
		697B81831FEF84667DFCE4F2 = {isa = PBXFileReference; lastKnownFileType = file; name = "juce_video"; path = "../../../src_libraries/JUCE/modules/juce_video"; sourceTree = "SOURCE_ROOT"; };
		6EF6B062216E6B1AAF19E9BA = {isa = PBXFileReference; lastKnownFileType = wrapper.framework; name = CoreAudioKit.framework; path = System/Library/Frameworks/CoreAudioKit.framework; sourceTree = SDKROOT; };
		6FF2CFD0DB10E7F5B24602B4 = {isa = PBXFileReference; lastKnownFileType = wrapper.framework; name = AVFoundation.framework; path = System/Library/Frameworks/AVFoundation.framework; sourceTree = SDKROOT; };
		72F1D824B099DE724C14327A = {isa = PBXFileReference; lastKnownFileType = file; name = "juce_core"; path = "../../../src_libraries/JUCE/modules/juce_core"; sourceTree = "SOURCE_ROOT"; };
		770BB7A37E71C6584D9624C5 = {isa = PBXFileReference; lastKnownFileType = file; name = "juce_events"; path = "../../../src_libraries/JUCE/modules/juce_events"; sourceTree = "SOURCE_ROOT"; };
		7A467103B45145B0FD64C089 = {isa = PBXFileReference; lastKnownFileType = wrapper.framework; name = Carbon.framework; path = System/Library/Frameworks/Carbon.framework; sourceTree = SDKROOT; };
		7A71B64BBD2F9A82277C12EB = {isa = PBXFileReference; lastKnownFileType = sourcecode.c.h; name = PluginEditor.h; path = ../../Source/PluginEditor.h; sourceTree = "SOURCE_ROOT"; };
		7E26BDD8F8050A283EF792CE = {isa = PBXFileReference; lastKnownFileType = wrapper.framework; name = WebKit.framework; path = System/Library/Frameworks/WebKit.framework; sourceTree = SDKROOT; };
		8987276F06944820D59E757E = {isa = PBXFileReference; lastKnownFileType = file.nib; name = RecentFilesMenuTemplate.nib; path = RecentFilesMenuTemplate.nib; sourceTree = "SOURCE_ROOT"; };
		8AB651E11E4727FA6AFEFD64 = {isa = PBXFileReference; lastKnownFileType = sourcecode.cpp.objcpp; name = "include_juce_core.mm"; path = "../../JuceLibraryCode/include_juce_core.mm"; sourceTree = "SOURCE_ROOT"; };
		8C0BB47990C83F4C87A3F3F6 = {isa = PBXFileReference; lastKnownFileType = wrapper.framework; name = OpenGL.framework; path = System/Library/Frameworks/OpenGL.framework; sourceTree = SDKROOT; };
		91BA255636A249EE691ACD41 = {isa = PBXFileReference; explicitFileType = wrapper.cfbundle; includeInIndex = 0; path = Spectrum.component; sourceTree = "BUILT_PRODUCTS_DIR"; };
		92ADF4E8AADD0385C59A3375 = {isa = PBXFileReference; lastKnownFileType = sourcecode.cpp.objcpp; name = "include_juce_events.mm"; path = "../../JuceLibraryCode/include_juce_events.mm"; sourceTree = "SOURCE_ROOT"; };
		94AC435BABF166C771E725C3 = {isa = PBXFileReference; lastKnownFileType = file; name = "juce_audio_devices"; path = "../../../src_libraries/JUCE/modules/juce_audio_devices"; sourceTree = "SOURCE_ROOT"; };
		94FB4604855BD61220C9B59C = {isa = PBXFileReference; lastKnownFileType = sourcecode.cpp.objcpp; name = "include_juce_audio_formats.mm"; path = "../../JuceLibraryCode/include_juce_audio_formats.mm"; sourceTree = "SOURCE_ROOT"; };
		985A2635E6F9B2109421B187 = {isa = PBXFileReference; explicitFileType = archive.ar; includeInIndex = 0; path = libSpectrum.a; sourceTree = "BUILT_PRODUCTS_DIR"; };
		A6DD0078CE8750E696E4A3C9 = {isa = PBXFileReference; lastKnownFileType = sourcecode.cpp.objcpp; name = "include_juce_opengl.mm"; path = "../../JuceLibraryCode/include_juce_opengl.mm"; sourceTree = "SOURCE_ROOT"; };
		AA11475399CDFF4BA09EA920 = {isa = PBXFileReference; lastKnownFileType = file; name = "juce_cryptography"; path = "../../../src_libraries/JUCE/modules/juce_cryptography"; sourceTree = "SOURCE_ROOT"; };
		ABCD45DE962EF88B4E11FC3F = {isa = PBXFileReference; lastKnownFileType = sourcecode.cpp.cpp; name = "include_juce_audio_plugin_client_VST2.cpp"; path = "../../JuceLibraryCode/include_juce_audio_plugin_client_VST2.cpp"; sourceTree = "SOURCE_ROOT"; };
		AF4E2C23B1F18AE65A5C364D = {isa = PBXFileReference; lastKnownFileType = file; name = "juce_gui_extra"; path = "../../../src_libraries/JUCE/modules/juce_gui_extra"; sourceTree = "SOURCE_ROOT"; };
		B128965DD3719810201396AA = {isa = PBXFileReference; lastKnownFileType = sourcecode.c.h; name = JuceHeader.h; path = ../../JuceLibraryCode/JuceHeader.h; sourceTree = "SOURCE_ROOT"; };
		B3FAE01EBB1D5FAC3BFDE001 = {isa = PBXFileReference; lastKnownFileType = file; name = "juce_audio_formats"; path = "../../../src_libraries/JUCE/modules/juce_audio_formats"; sourceTree = "SOURCE_ROOT"; };
		B86917809D83C44AF8B5F54A = {isa = PBXFileReference; lastKnownFileType = sourcecode.cpp.cpp; name = PluginProcessor.cpp; path = ../../Source/PluginProcessor.cpp; sourceTree = "SOURCE_ROOT"; };
		BD04A22057825102274A6F77 = {isa = PBXFileReference; lastKnownFileType = file; name = "juce_graphics"; path = "../../../src_libraries/JUCE/modules/juce_graphics"; sourceTree = "SOURCE_ROOT"; };
		BDEC1C003F359CBF321A534B = {isa = PBXFileReference; lastKnownFileType = sourcecode.cpp.objcpp; name = "include_juce_gui_basics.mm"; path = "../../JuceLibraryCode/include_juce_gui_basics.mm"; sourceTree = "SOURCE_ROOT"; };
		BE895663B3F89C74D9FBBCAC = {isa = PBXFileReference; lastKnownFileType = sourcecode.cpp.objcpp; name = "include_juce_audio_processors.mm"; path = "../../JuceLibraryCode/include_juce_audio_processors.mm"; sourceTree = "SOURCE_ROOT"; };
		C2D0E1C93C4DD14CF41E99CF = {isa = PBXFileReference; lastKnownFileType = sourcecode.cpp.objcpp; name = "include_juce_video.mm"; path = "../../JuceLibraryCode/include_juce_video.mm"; sourceTree = "SOURCE_ROOT"; };
		C2DA5562AFCB7DAE2AC93298 = {isa = PBXFileReference; lastKnownFileType = text.plist.xml; name = Spectrum.entitlements; path = Spectrum.entitlements; sourceTree = "SOURCE_ROOT"; };
		C4B9E3D94EAE14C37BBFD145 = {isa = PBXFileReference; lastKnownFileType = sourcecode.cpp.objcpp; name = "include_juce_audio_devices.mm"; path = "../../JuceLibraryCode/include_juce_audio_devices.mm"; sourceTree = "SOURCE_ROOT"; };
		C5C3DCBEB02F3C9D41B2A6E2 = {isa = PBXFileReference; lastKnownFileType = file; name = "juce_audio_processors"; path = "../../../src_libraries/JUCE/modules/juce_audio_processors"; sourceTree = "SOURCE_ROOT"; };
		C6349680F701351733EA9FEA = {isa = PBXFileReference; lastKnownFileType = sourcecode.c.h; name = PluginProcessor.h; path = ../../Source/PluginProcessor.h; sourceTree = "SOURCE_ROOT"; };
		D426940276F492BF951DE4C6 = {isa = PBXFileReference; lastKnownFileType = sourcecode.cpp.objcpp; name = "include_juce_audio_basics.mm"; path = "../../JuceLibraryCode/include_juce_audio_basics.mm"; sourceTree = "SOURCE_ROOT"; };
		DE29E9F4663F4896CD04E4F3 = {isa = PBXFileReference; lastKnownFileType = file; name = "juce_audio_plugin_client"; path = "../../../src_libraries/JUCE/modules/juce_audio_plugin_client"; sourceTree = "SOURCE_ROOT"; };
		DF6E0C8DBE0644658E23BD1F = {isa = PBXFileReference; lastKnownFileType = wrapper.framework; name = CoreAudio.framework; path = System/Library/Frameworks/CoreAudio.framework; sourceTree = SDKROOT; };
		E1C51E0AE3A282D482B674A9 = {isa = PBXFileReference; lastKnownFileType = file; name = "juce_opengl"; path = "../../../src_libraries/JUCE/modules/juce_opengl"; sourceTree = "SOURCE_ROOT"; };
		E5E6D44B21F8ED06855B88B0 = {isa = PBXFileReference; lastKnownFileType = wrapper.framework; name = IOKit.framework; path = System/Library/Frameworks/IOKit.framework; sourceTree = SDKROOT; };
		E8DA71E09EBA5F1E46A800D5 = {isa = PBXFileReference; lastKnownFileType = wrapper.framework; name = CoreMedia.framework; path = System/Library/Frameworks/CoreMedia.framework; sourceTree = SDKROOT; };
		E9C4962E7AAC4CE06F38D35B = {isa = PBXFileReference; lastKnownFileType = wrapper.framework; name = Cocoa.framework; path = System/Library/Frameworks/Cocoa.framework; sourceTree = SDKROOT; };
		F4547BB6B81FDEED3AA6C6DB = {isa = PBXFileReference; lastKnownFileType = sourcecode.cpp.objcpp; name = "include_juce_audio_plugin_client_AU_2.mm"; path = "../../JuceLibraryCode/include_juce_audio_plugin_client_AU_2.mm"; sourceTree = "SOURCE_ROOT"; };
		F974BE619CA0CFBBC84688E5 = {isa = PBXFileReference; lastKnownFileType = sourcecode.c.h; name = AppConfig.h; path = ../../JuceLibraryCode/AppConfig.h; sourceTree = "SOURCE_ROOT"; };
		FA2879E920C0533FE79E21BA = {isa = PBXFileReference; lastKnownFileType = file.r; name = "include_juce_audio_plugin_client_AU.r"; path = "../../JuceLibraryCode/include_juce_audio_plugin_client_AU.r"; sourceTree = "SOURCE_ROOT"; };
		69D52D682F7DC5080F88230B = {isa = PBXGroup; children = (
					0F8962B5F866A5D5C02F340D,
					B86917809D83C44AF8B5F54A,
					C6349680F701351733EA9FEA,
					36BE6BA5866D981C8DBF3DB1,
					7A71B64BBD2F9A82277C12EB, ); name = Source; sourceTree = "<group>"; };
		647392675A85E1405BA0D5F4 = {isa = PBXGroup; children = (
					69D52D682F7DC5080F88230B, ); name = Spectrum; sourceTree = "<group>"; };
		5403BA4D3AA8BE4D0CB696B2 = {isa = PBXGroup; children = (
					471C272765825E92C1A3146C,
					94AC435BABF166C771E725C3,
					B3FAE01EBB1D5FAC3BFDE001,
					DE29E9F4663F4896CD04E4F3,
					C5C3DCBEB02F3C9D41B2A6E2,
					72F1D824B099DE724C14327A,
					AA11475399CDFF4BA09EA920,
					4DC3954891DD932618B70F4D,
					770BB7A37E71C6584D9624C5,
					BD04A22057825102274A6F77,
					0EBE2FFA9CC8B5465A7AAE9D,
					AF4E2C23B1F18AE65A5C364D,
					E1C51E0AE3A282D482B674A9,
					697B81831FEF84667DFCE4F2, ); name = "Juce Modules"; sourceTree = "<group>"; };
		E484B830F92B40346B9A768B = {isa = PBXGroup; children = (
					F974BE619CA0CFBBC84688E5,
					D426940276F492BF951DE4C6,
					C4B9E3D94EAE14C37BBFD145,
					94FB4604855BD61220C9B59C,
					FA2879E920C0533FE79E21BA,
					0BD2B02695B11C0845B908F1,
					F4547BB6B81FDEED3AA6C6DB,
					085FFE72EE5E78769455AF12,
					06FE53C0A6BCE2B2EF0A52F9,
					ABCD45DE962EF88B4E11FC3F,
					BE895663B3F89C74D9FBBCAC,
					8AB651E11E4727FA6AFEFD64,
					307F01A030141903D20C671B,
					3A5FCD5503F7D5D30E29E5B9,
					92ADF4E8AADD0385C59A3375,
					081571946C24682E3A44C05C,
					BDEC1C003F359CBF321A534B,
					2D1CCE4AF9D7ACE5B05AE770,
					A6DD0078CE8750E696E4A3C9,
					C2D0E1C93C4DD14CF41E99CF,
					B128965DD3719810201396AA, ); name = "Juce Library Code"; sourceTree = "<group>"; };
		D42A7DCE5F433173FCB7B4FF = {isa = PBXGroup; children = (
					5FDE31CFD37EEEE5C4FAC535,
					07B0D79DABAD6BAC305A496B,
					8987276F06944820D59E757E, ); name = Resources; sourceTree = "<group>"; };
		ADF59FFF5D5757DB6C543063 = {isa = PBXGroup; children = (
					0C0E4BF9F9533135CCDA2C06,
					5BC01E46D73B7C722A3D55F5,
					12A971C12D456062B02DE395,
					6FF2CFD0DB10E7F5B24602B4,
					7A467103B45145B0FD64C089,
					E9C4962E7AAC4CE06F38D35B,
					DF6E0C8DBE0644658E23BD1F,
					6EF6B062216E6B1AAF19E9BA,
					E8DA71E09EBA5F1E46A800D5,
					59829BECFE299E469D0A1B1F,
					E5E6D44B21F8ED06855B88B0,
					8C0BB47990C83F4C87A3F3F6,
					1C6EF5359316FEF1E1DA19E6,
					7E26BDD8F8050A283EF792CE, ); name = Frameworks; sourceTree = "<group>"; };
		E2D515EAD19A6724DE12D917 = {isa = PBXGroup; children = (
					47685664571C375CAA26BA34,
					91BA255636A249EE691ACD41,
					985A2635E6F9B2109421B187, ); name = Products; sourceTree = "<group>"; };
		9869A72964047D18B46E5E68 = {isa = PBXGroup; children = (
					C2DA5562AFCB7DAE2AC93298,
					647392675A85E1405BA0D5F4,
					5403BA4D3AA8BE4D0CB696B2,
					E484B830F92B40346B9A768B,
					D42A7DCE5F433173FCB7B4FF,
					ADF59FFF5D5757DB6C543063,
					E2D515EAD19A6724DE12D917, ); name = Source; sourceTree = "<group>"; };
		A800CC9D959A7E3DE00D48DD = {isa = XCBuildConfiguration; buildSettings = {  }; name = Debug; };
		0519235F49094CC7E05CD1DE = {isa = XCBuildConfiguration; buildSettings = {  }; name = Release; };
		D853A6C6EB002296E3717EEF = {isa = XCBuildConfiguration; buildSettings = {
				CLANG_CXX_LANGUAGE_STANDARD = "c++0x";
				CLANG_CXX_LANGUAGE_STANDARD = "c++14";
				CLANG_LINK_OBJC_RUNTIME = NO;
				COMBINE_HIDPI_IMAGES = YES;
				CONFIGURATION_BUILD_DIR = "$(PROJECT_DIR)/build/$(CONFIGURATION)";
				COPY_PHASE_STRIP = NO;
				DEPLOYMENT_LOCATION = YES;
				DSTROOT = /;
				GCC_DYNAMIC_NO_PIC = NO;
				GCC_OPTIMIZATION_LEVEL = 0;
				GCC_PREPROCESSOR_DEFINITIONS = (
					"_DEBUG=1",
					"DEBUG=1",
					"JUCER_XCODE_MAC_F6D2F4CF=1",
					"JUCE_APP_VERSION=1.0.0",
					"JUCE_APP_VERSION_HEX=0x10000",
					"JucePlugin_Build_VST=1",
					"JucePlugin_Build_VST3=0",
					"JucePlugin_Build_AU=0",
					"JucePlugin_Build_AUv3=0",
					"JucePlugin_Build_RTAS=0",
					"JucePlugin_Build_AAX=0",
					"JucePlugin_Build_Standalone=0", );
				GCC_VERSION = com.apple.compilers.llvm.clang.1_0;
				GENERATE_PKGINFO_FILE = YES;
				HEADER_SEARCH_PATHS = ("../../JuceLibraryCode", "../../../src_libraries/JUCE/modules", "../../Dinos_useful_Stuff", "/opt/intel/ipp/include", "../../../src_libraries/JUCE/modules/juce_audio_plugin_client", "$(inherited)");
				INFOPLIST_FILE = Info-VST.plist;
				INSTALL_PATH = "$(HOME)/Library/Audio/Plug-Ins/VST/";
				LIBRARY_SEARCH_PATHS = ("$(inherited)", "\"/opt/intel/ipp/lib\"");
				LIBRARY_STYLE = Bundle;
				MACOSX_DEPLOYMENT_TARGET = 10.11;
				MACOSX_DEPLOYMENT_TARGET_ppc = 10.4;
				OTHER_LDFLAGS = "-bundle -lSpectrum /opt/intel/ipp/lib/libippi.a   /opt/intel/ipp/lib/libipps.a  /opt/intel/ipp/lib/libippvm.a  /opt/intel/ipp/lib/libippcore.a";
				PRODUCT_BUNDLE_IDENTIFIER = com.yourcompany.Spectrum;
				SDKROOT_ppc = macosx10.5;
				WRAPPER_EXTENSION = vst; }; name = Debug; };
		8BFBFD28E46743CB090E9BBF = {isa = XCBuildConfiguration; buildSettings = {
				CLANG_CXX_LANGUAGE_STANDARD = "c++0x";
				CLANG_CXX_LANGUAGE_STANDARD = "c++14";
				CLANG_LINK_OBJC_RUNTIME = NO;
				COMBINE_HIDPI_IMAGES = YES;
				CONFIGURATION_BUILD_DIR = "$(PROJECT_DIR)/build/$(CONFIGURATION)";
				DEAD_CODE_STRIPPING = YES;
				DEPLOYMENT_LOCATION = YES;
				DSTROOT = /;
				GCC_GENERATE_DEBUGGING_SYMBOLS = NO;
				GCC_OPTIMIZATION_LEVEL = 3;
				GCC_PREPROCESSOR_DEFINITIONS = (
					"_NDEBUG=1",
					"NDEBUG=1",
					"JUCER_XCODE_MAC_F6D2F4CF=1",
					"JUCE_APP_VERSION=1.0.0",
					"JUCE_APP_VERSION_HEX=0x10000",
					"JucePlugin_Build_VST=1",
					"JucePlugin_Build_VST3=0",
					"JucePlugin_Build_AU=0",
					"JucePlugin_Build_AUv3=0",
					"JucePlugin_Build_RTAS=0",
					"JucePlugin_Build_AAX=0",
					"JucePlugin_Build_Standalone=0", );
				GCC_SYMBOLS_PRIVATE_EXTERN = YES;
				GCC_VERSION = com.apple.compilers.llvm.clang.1_0;
				GENERATE_PKGINFO_FILE = YES;
				HEADER_SEARCH_PATHS = ("../../JuceLibraryCode", "../../../src_libraries/JUCE/modules", "../../Dinos_useful_Stuff", "/opt/intel/ipp/include", "../../../src_libraries/JUCE/modules/juce_audio_plugin_client", "$(inherited)");
				INFOPLIST_FILE = Info-VST.plist;
				INSTALL_PATH = "$(HOME)/Library/Audio/Plug-Ins/VST/";
				LIBRARY_SEARCH_PATHS = ("$(inherited)", "\"/opt/intel/ipp/lib\"");
				LIBRARY_STYLE = Bundle;
				MACOSX_DEPLOYMENT_TARGET = 10.11;
				MACOSX_DEPLOYMENT_TARGET_ppc = 10.4;
				OTHER_LDFLAGS = "-bundle -lSpectrum /opt/intel/ipp/lib/libippi.a   /opt/intel/ipp/lib/libipps.a  /opt/intel/ipp/lib/libippvm.a  /opt/intel/ipp/lib/libippcore.a";
				PRODUCT_BUNDLE_IDENTIFIER = com.yourcompany.Spectrum;
				SDKROOT_ppc = macosx10.5;
				WRAPPER_EXTENSION = vst; }; name = Release; };
		2E3E16495D29B06BC577691E = {isa = XCBuildConfiguration; buildSettings = {
				CLANG_CXX_LANGUAGE_STANDARD = "c++0x";
				CLANG_CXX_LANGUAGE_STANDARD = "c++14";
				CLANG_LINK_OBJC_RUNTIME = NO;
				COMBINE_HIDPI_IMAGES = YES;
				CONFIGURATION_BUILD_DIR = "$(PROJECT_DIR)/build/$(CONFIGURATION)";
				COPY_PHASE_STRIP = NO;
				DEPLOYMENT_LOCATION = YES;
				DSTROOT = /;
				GCC_DYNAMIC_NO_PIC = NO;
				GCC_OPTIMIZATION_LEVEL = 0;
				GCC_PREPROCESSOR_DEFINITIONS = (
					"_DEBUG=1",
					"DEBUG=1",
					"JUCER_XCODE_MAC_F6D2F4CF=1",
					"JUCE_APP_VERSION=1.0.0",
					"JUCE_APP_VERSION_HEX=0x10000",
					"JucePlugin_Build_VST=0",
					"JucePlugin_Build_VST3=0",
					"JucePlugin_Build_AU=1",
					"JucePlugin_Build_AUv3=0",
					"JucePlugin_Build_RTAS=0",
					"JucePlugin_Build_AAX=0",
					"JucePlugin_Build_Standalone=0", );
				GCC_VERSION = com.apple.compilers.llvm.clang.1_0;
				GENERATE_PKGINFO_FILE = YES;
				HEADER_SEARCH_PATHS = ("../../JuceLibraryCode", "../../../src_libraries/JUCE/modules", "../../Dinos_useful_Stuff", "/opt/intel/ipp/include", "../../../src_libraries/JUCE/modules/juce_audio_plugin_client", "$(inherited)");
				INFOPLIST_FILE = Info-AU.plist;
				INSTALL_PATH = "$(HOME)/Library/Audio/Plug-Ins/Components/";
				LIBRARY_SEARCH_PATHS = ("$(inherited)", "\"/opt/intel/ipp/lib\"");
				LIBRARY_STYLE = Bundle;
				MACOSX_DEPLOYMENT_TARGET = 10.11;
				MACOSX_DEPLOYMENT_TARGET_ppc = 10.4;
				OTHER_LDFLAGS = "-bundle -lSpectrum /opt/intel/ipp/lib/libippi.a   /opt/intel/ipp/lib/libipps.a  /opt/intel/ipp/lib/libippvm.a  /opt/intel/ipp/lib/libippcore.a";
				OTHER_REZFLAGS = "-d ppc_$ppc -d i386_$i386 -d ppc64_$ppc64 -d x86_64_$x86_64 -I /System/Library/Frameworks/CoreServices.framework/Frameworks/CarbonCore.framework/Versions/A/Headers -I \"$(DEVELOPER_DIR)/Extras/CoreAudio/AudioUnits/AUPublic/AUBase\"";
				PRODUCT_BUNDLE_IDENTIFIER = com.yourcompany.Spectrum;
				SDKROOT_ppc = macosx10.5;
				WRAPPER_EXTENSION = component; }; name = Debug; };
		41BAB996E59345B7C4DE3560 = {isa = XCBuildConfiguration; buildSettings = {
				CLANG_CXX_LANGUAGE_STANDARD = "c++0x";
				CLANG_CXX_LANGUAGE_STANDARD = "c++14";
				CLANG_LINK_OBJC_RUNTIME = NO;
				COMBINE_HIDPI_IMAGES = YES;
				CONFIGURATION_BUILD_DIR = "$(PROJECT_DIR)/build/$(CONFIGURATION)";
				DEAD_CODE_STRIPPING = YES;
				DEPLOYMENT_LOCATION = YES;
				DSTROOT = /;
				GCC_GENERATE_DEBUGGING_SYMBOLS = NO;
				GCC_OPTIMIZATION_LEVEL = 3;
				GCC_PREPROCESSOR_DEFINITIONS = (
					"_NDEBUG=1",
					"NDEBUG=1",
					"JUCER_XCODE_MAC_F6D2F4CF=1",
					"JUCE_APP_VERSION=1.0.0",
					"JUCE_APP_VERSION_HEX=0x10000",
					"JucePlugin_Build_VST=0",
					"JucePlugin_Build_VST3=0",
					"JucePlugin_Build_AU=1",
					"JucePlugin_Build_AUv3=0",
					"JucePlugin_Build_RTAS=0",
					"JucePlugin_Build_AAX=0",
					"JucePlugin_Build_Standalone=0", );
				GCC_SYMBOLS_PRIVATE_EXTERN = YES;
				GCC_VERSION = com.apple.compilers.llvm.clang.1_0;
				GENERATE_PKGINFO_FILE = YES;
				HEADER_SEARCH_PATHS = ("../../JuceLibraryCode", "../../../src_libraries/JUCE/modules", "../../Dinos_useful_Stuff", "/opt/intel/ipp/include", "../../../src_libraries/JUCE/modules/juce_audio_plugin_client", "$(inherited)");
				INFOPLIST_FILE = Info-AU.plist;
				INSTALL_PATH = "$(HOME)/Library/Audio/Plug-Ins/Components/";
				LIBRARY_SEARCH_PATHS = ("$(inherited)", "\"/opt/intel/ipp/lib\"");
				LIBRARY_STYLE = Bundle;
				MACOSX_DEPLOYMENT_TARGET = 10.11;
				MACOSX_DEPLOYMENT_TARGET_ppc = 10.4;
				OTHER_LDFLAGS = "-bundle -lSpectrum /opt/intel/ipp/lib/libippi.a   /opt/intel/ipp/lib/libipps.a  /opt/intel/ipp/lib/libippvm.a  /opt/intel/ipp/lib/libippcore.a";
				OTHER_REZFLAGS = "-d ppc_$ppc -d i386_$i386 -d ppc64_$ppc64 -d x86_64_$x86_64 -I /System/Library/Frameworks/CoreServices.framework/Frameworks/CarbonCore.framework/Versions/A/Headers -I \"$(DEVELOPER_DIR)/Extras/CoreAudio/AudioUnits/AUPublic/AUBase\"";
				PRODUCT_BUNDLE_IDENTIFIER = com.yourcompany.Spectrum;
				SDKROOT_ppc = macosx10.5;
				WRAPPER_EXTENSION = component; }; name = Release; };
		6369EB09947D5B20A404D0A5 = {isa = XCBuildConfiguration; buildSettings = {
				CLANG_CXX_LANGUAGE_STANDARD = "c++0x";
				CLANG_CXX_LANGUAGE_STANDARD = "c++14";
				CLANG_LINK_OBJC_RUNTIME = NO;
				COMBINE_HIDPI_IMAGES = YES;
				CONFIGURATION_BUILD_DIR = "$(PROJECT_DIR)/build/$(CONFIGURATION)";
				COPY_PHASE_STRIP = NO;
				GCC_DYNAMIC_NO_PIC = NO;
				GCC_OPTIMIZATION_LEVEL = 0;
				GCC_PREPROCESSOR_DEFINITIONS = (
					"_DEBUG=1",
					"DEBUG=1",
					"JUCER_XCODE_MAC_F6D2F4CF=1",
					"JUCE_APP_VERSION=1.0.0",
					"JUCE_APP_VERSION_HEX=0x10000",
					"JucePlugin_Build_VST=1",
					"JucePlugin_Build_VST3=0",
					"JucePlugin_Build_AU=1",
					"JucePlugin_Build_AUv3=0",
					"JucePlugin_Build_RTAS=0",
					"JucePlugin_Build_AAX=0",
					"JucePlugin_Build_Standalone=0",
					"JUCE_SHARED_CODE=1", );
				GCC_VERSION = com.apple.compilers.llvm.clang.1_0;
				HEADER_SEARCH_PATHS = ("../../JuceLibraryCode", "../../../src_libraries/JUCE/modules", "../../Dinos_useful_Stuff", "/opt/intel/ipp/include", "../../../src_libraries/JUCE/modules/juce_audio_plugin_client", "$(inherited)");
				INSTALL_PATH = "@executable_path/../Frameworks";
				LIBRARY_SEARCH_PATHS = ("$(inherited)", "\"/opt/intel/ipp/lib\"");
				MACOSX_DEPLOYMENT_TARGET = 10.11;
				MACOSX_DEPLOYMENT_TARGET_ppc = 10.4;
				OTHER_LDFLAGS = "/opt/intel/ipp/lib/libippi.a   /opt/intel/ipp/lib/libipps.a  /opt/intel/ipp/lib/libippvm.a  /opt/intel/ipp/lib/libippcore.a";
				PRODUCT_BUNDLE_IDENTIFIER = com.yourcompany.Spectrum;
				SDKROOT_ppc = macosx10.5; }; name = Debug; };
		555B624A3A29EFD6489023E0 = {isa = XCBuildConfiguration; buildSettings = {
				CLANG_CXX_LANGUAGE_STANDARD = "c++0x";
				CLANG_CXX_LANGUAGE_STANDARD = "c++14";
				CLANG_LINK_OBJC_RUNTIME = NO;
				COMBINE_HIDPI_IMAGES = YES;
				CONFIGURATION_BUILD_DIR = "$(PROJECT_DIR)/build/$(CONFIGURATION)";
				DEAD_CODE_STRIPPING = YES;
				GCC_GENERATE_DEBUGGING_SYMBOLS = NO;
				GCC_OPTIMIZATION_LEVEL = 3;
				GCC_PREPROCESSOR_DEFINITIONS = (
					"_NDEBUG=1",
					"NDEBUG=1",
					"JUCER_XCODE_MAC_F6D2F4CF=1",
					"JUCE_APP_VERSION=1.0.0",
					"JUCE_APP_VERSION_HEX=0x10000",
					"JucePlugin_Build_VST=1",
					"JucePlugin_Build_VST3=0",
					"JucePlugin_Build_AU=1",
					"JucePlugin_Build_AUv3=0",
					"JucePlugin_Build_RTAS=0",
					"JucePlugin_Build_AAX=0",
					"JucePlugin_Build_Standalone=0",
					"JUCE_SHARED_CODE=1", );
				GCC_SYMBOLS_PRIVATE_EXTERN = YES;
				GCC_VERSION = com.apple.compilers.llvm.clang.1_0;
				HEADER_SEARCH_PATHS = ("../../JuceLibraryCode", "../../../src_libraries/JUCE/modules", "../../Dinos_useful_Stuff", "/opt/intel/ipp/include", "../../../src_libraries/JUCE/modules/juce_audio_plugin_client", "$(inherited)");
				INSTALL_PATH = "@executable_path/../Frameworks";
				LIBRARY_SEARCH_PATHS = ("$(inherited)", "\"/opt/intel/ipp/lib\"");
				MACOSX_DEPLOYMENT_TARGET = 10.11;
				MACOSX_DEPLOYMENT_TARGET_ppc = 10.4;
				OTHER_LDFLAGS = "/opt/intel/ipp/lib/libippi.a   /opt/intel/ipp/lib/libipps.a  /opt/intel/ipp/lib/libippvm.a  /opt/intel/ipp/lib/libippcore.a";
				PRODUCT_BUNDLE_IDENTIFIER = com.yourcompany.Spectrum;
				SDKROOT_ppc = macosx10.5; }; name = Release; };
		A67E85E0843EBED0C480654A = {isa = XCBuildConfiguration; buildSettings = {
				ALWAYS_SEARCH_USER_PATHS = NO;
				DEBUG_INFORMATION_FORMAT = "dwarf";
				ENABLE_TESTABILITY = YES;
				GCC_C_LANGUAGE_STANDARD = c11;
				GCC_INLINES_ARE_PRIVATE_EXTERN = YES;
				GCC_MODEL_TUNING = G5;
				GCC_WARN_ABOUT_RETURN_TYPE = YES;
				GCC_WARN_CHECK_SWITCH_STATEMENTS = YES;
				GCC_WARN_MISSING_PARENTHESES = YES;
				GCC_WARN_NON_VIRTUAL_DESTRUCTOR = YES;
				GCC_WARN_TYPECHECK_CALLS_TO_PRINTF = YES;
				GCC_WARN_UNUSED_VARIABLE = YES;
				ONLY_ACTIVE_ARCH = YES;
				PRODUCT_NAME = "Spectrum";
				WARNING_CFLAGS = -Wreorder;
				ZERO_LINK = NO; }; name = Debug; };
		F5B54E68A9B06D362555C48A = {isa = XCBuildConfiguration; buildSettings = {
				ALWAYS_SEARCH_USER_PATHS = NO;
				DEBUG_INFORMATION_FORMAT = "dwarf";
				GCC_C_LANGUAGE_STANDARD = c11;
				GCC_INLINES_ARE_PRIVATE_EXTERN = YES;
				GCC_MODEL_TUNING = G5;
				GCC_WARN_ABOUT_RETURN_TYPE = YES;
				GCC_WARN_CHECK_SWITCH_STATEMENTS = YES;
				GCC_WARN_MISSING_PARENTHESES = YES;
				GCC_WARN_NON_VIRTUAL_DESTRUCTOR = YES;
				GCC_WARN_TYPECHECK_CALLS_TO_PRINTF = YES;
				GCC_WARN_UNUSED_VARIABLE = YES;
				PRODUCT_NAME = "Spectrum";
				WARNING_CFLAGS = -Wreorder;
				ZERO_LINK = NO; }; name = Release; };
		42CBC5F77F7ADE18216FC79F = {isa = PBXTargetDependency; target = 81826701215BEA3CCD8A663A; };
		AD3BB655E20D2AEEFC3375D7 = {isa = PBXTargetDependency; target = 638BA7BF13E45443CC1C9998; };
		5921C017F5D2C7FBF5E8D07C = {isa = PBXTargetDependency; target = 2321FBB6156ACC991F34C499; };
		A557D0C1202968E487890987 = {isa = XCConfigurationList; buildConfigurations = (
					A67E85E0843EBED0C480654A,
					F5B54E68A9B06D362555C48A, ); defaultConfigurationIsVisible = 0; defaultConfigurationName = Debug; };
		C68D87AB327D9EBE6326D830 = {isa = XCConfigurationList; buildConfigurations = (
					A800CC9D959A7E3DE00D48DD,
					0519235F49094CC7E05CD1DE, ); defaultConfigurationIsVisible = 0; defaultConfigurationName = Debug; };
		D5ADB6D344785E1CD90C52FC = {isa = PBXAggregateTarget; buildConfigurationList = C68D87AB327D9EBE6326D830; buildPhases = (  ); buildRules = ( ); dependencies = (
					42CBC5F77F7ADE18216FC79F,
					AD3BB655E20D2AEEFC3375D7,
					5921C017F5D2C7FBF5E8D07C, ); name = "Spectrum - All"; productName = Spectrum; };
		0BFD5F1A6844E1BBAF025003 = {isa = XCConfigurationList; buildConfigurations = (
					D853A6C6EB002296E3717EEF,
					8BFBFD28E46743CB090E9BBF, ); defaultConfigurationIsVisible = 0; defaultConfigurationName = Debug; };
		2667FDD3DC29AEDBBF083F2D = {isa = PBXResourcesBuildPhase; buildActionMask = 2147483647; files = (
					B2237306223CCB0560181154, ); runOnlyForDeploymentPostprocessing = 0; };
		F9509503EB12098D2E3DD853 = {isa = PBXSourcesBuildPhase; buildActionMask = 2147483647; files = (
					1ACFE2810008DF3B03A57841, ); runOnlyForDeploymentPostprocessing = 0; };
		D1D18F477BEF2E7D80CA06D9 = {isa = PBXFrameworksBuildPhase; buildActionMask = 2147483647; files = (
					7177C8550C498B38593C926C,
					283EF7746070137C85FCA275,
					3F58D92E0CBC57343E5913A4,
					85985525C297E84833D8B456,
					95AF9EAEEC59573D6DD58CE5,
					7ACCCB689D90A2AA9AF01B16,
					F0D6E883E3C2DA829FB945EB,
					9D5AE44A023D3F9A8ECBC03C,
					3A29091EC5DA29FB31A1D45F,
					7CD9784521A6DD1CCF1203C2,
					423B4BF94ADF92D524AAB7DA,
					66010E32BBDD51F784D22066, ); runOnlyForDeploymentPostprocessing = 0; };
		81826701215BEA3CCD8A663A = {isa = PBXNativeTarget; buildConfigurationList = 0BFD5F1A6844E1BBAF025003; buildPhases = (
					2667FDD3DC29AEDBBF083F2D,
					F9509503EB12098D2E3DD853,
					D1D18F477BEF2E7D80CA06D9, ); buildRules = ( ); dependencies = (
					5921C017F5D2C7FBF5E8D07C, ); name = "Spectrum - VST"; productName = Spectrum; productReference = 47685664571C375CAA26BA34; productType = "com.apple.product-type.bundle"; };
		F9098C890F860E4C1A78A380 = {isa = XCConfigurationList; buildConfigurations = (
					2E3E16495D29B06BC577691E,
					41BAB996E59345B7C4DE3560, ); defaultConfigurationIsVisible = 0; defaultConfigurationName = Debug; };
		82CEF46088CA72956DF493D8 = {isa = PBXResourcesBuildPhase; buildActionMask = 2147483647; files = (
					B2237306223CCB0560181154, ); runOnlyForDeploymentPostprocessing = 0; };
		1172D10CAB10AE7F4B10D4AA = {isa = PBXRezBuildPhase; buildActionMask = 2147483647; files = (
					DCE6ED2EB649917BA141D968, ); runOnlyForDeploymentPostprocessing = 0; };
		CC7CF30C616DA34A92EFE8EE = {isa = PBXSourcesBuildPhase; buildActionMask = 2147483647; files = (
					B4E407C4DBA94963EB9E2BD3,
					86109772AB1A8AEFE531FDF2, ); runOnlyForDeploymentPostprocessing = 0; };
		D445A3E38C23C41D69239954 = {isa = PBXFrameworksBuildPhase; buildActionMask = 2147483647; files = (
					7177C8550C498B38593C926C,
					283EF7746070137C85FCA275,
					D17B88440CC4C5BEEC126B7E,
					3F58D92E0CBC57343E5913A4,
					85985525C297E84833D8B456,
					95AF9EAEEC59573D6DD58CE5,
					7ACCCB689D90A2AA9AF01B16,
					33C8CC636CFEBA1049990E24,
					F0D6E883E3C2DA829FB945EB,
					9D5AE44A023D3F9A8ECBC03C,
					3A29091EC5DA29FB31A1D45F,
					7CD9784521A6DD1CCF1203C2,
					423B4BF94ADF92D524AAB7DA,
					66010E32BBDD51F784D22066, ); runOnlyForDeploymentPostprocessing = 0; };
		638BA7BF13E45443CC1C9998 = {isa = PBXNativeTarget; buildConfigurationList = F9098C890F860E4C1A78A380; buildPhases = (
					82CEF46088CA72956DF493D8,
					1172D10CAB10AE7F4B10D4AA,
					CC7CF30C616DA34A92EFE8EE,
					D445A3E38C23C41D69239954, ); buildRules = ( ); dependencies = (
					5921C017F5D2C7FBF5E8D07C, ); name = "Spectrum - AU"; productName = Spectrum; productReference = 91BA255636A249EE691ACD41; productType = "com.apple.product-type.bundle"; };
		D3700A145ADC15472F4CDE3D = {isa = XCConfigurationList; buildConfigurations = (
					6369EB09947D5B20A404D0A5,
					555B624A3A29EFD6489023E0, ); defaultConfigurationIsVisible = 0; defaultConfigurationName = Debug; };
		B239A8942C8FD22EC6ADF227 = {isa = PBXSourcesBuildPhase; buildActionMask = 2147483647; files = (
					A407115862A117131460E26C,
					9BBF07242905FB96D8527337,
					9916DBC575616C234EA2EEEA,
					05EB854BB99404411395CA46,
					BD01D7D0A47112DEC2989F71,
					CC9D243851831E9767099B26,
					A63FAEA999A4C41D03A519CD,
					C2BC5A45F431231BA2A8219F,
					A640B82BD80DF004F95C5DB7,
					92D68B34C91F0035A267603D,
					9EA11F7FF8B4B8D0640103C2,
					370C223ABFEAC5D962DE1D73,
					0F96C6E139E6167EDDB14741,
					45E34C5E2CF08D3D242E6A93,
					D619C57C683B8C09F9AF795D,
					BE42544868E1CACEA795055D,
					BEC28E47A0647A9A961468BB, ); runOnlyForDeploymentPostprocessing = 0; };
		2321FBB6156ACC991F34C499 = {isa = PBXNativeTarget; buildConfigurationList = D3700A145ADC15472F4CDE3D; buildPhases = (
					B239A8942C8FD22EC6ADF227, ); buildRules = ( ); dependencies = (  ); name = "Spectrum - Shared Code"; productName = Spectrum; productReference = 985A2635E6F9B2109421B187; productType = "com.apple.product-type.library.static"; };
		D3A41F8716CBFFF7A7DC3F5E = {isa = PBXProject; buildConfigurationList = A557D0C1202968E487890987; attributes = { LastUpgradeCheck = 0830; TargetAttributes = { D5ADB6D344785E1CD90C52FC = { SystemCapabilities = {com.apple.InAppPurchase = { enabled = 0; }; com.apple.InterAppAudio = { enabled = 0; }; com.apple.Sandbox = { enabled = 0; }; }; };81826701215BEA3CCD8A663A = { SystemCapabilities = {com.apple.InAppPurchase = { enabled = 0; }; com.apple.InterAppAudio = { enabled = 0; }; com.apple.Sandbox = { enabled = 0; }; }; };638BA7BF13E45443CC1C9998 = { SystemCapabilities = {com.apple.InAppPurchase = { enabled = 0; }; com.apple.InterAppAudio = { enabled = 0; }; com.apple.Sandbox = { enabled = 0; }; }; };2321FBB6156ACC991F34C499 = { SystemCapabilities = {com.apple.InAppPurchase = { enabled = 0; }; com.apple.InterAppAudio = { enabled = 0; }; com.apple.Sandbox = { enabled = 0; }; }; }; }; }; compatibilityVersion = "Xcode 3.2"; hasScannedForEncodings = 0; mainGroup = 9869A72964047D18B46E5E68; projectDirPath = ""; projectRoot = ""; targets = (D5ADB6D344785E1CD90C52FC, 81826701215BEA3CCD8A663A, 638BA7BF13E45443CC1C9998, 2321FBB6156ACC991F34C499); };
	};
	rootObject = D3A41F8716CBFFF7A7DC3F5E;
}
